
Microsoft Visual Studio Solution File, Format Version 12.00
# Visual Studio Version 16
VisualStudioVersion = 16.0.31424.327
MinimumVisualStudioVersion = 10.0.40219.1
Project("{9A19103F-16F7-4668-BE54-9A1E7A4F7556}") = "TwentyTwoSeven.Api", "TwentyTwoSeven.Api\TwentyTwoSeven.Api.csproj", "{0F21E7F1-5EEE-40DC-B3C1-314315831D57}"
EndProject
Project("{9A19103F-16F7-4668-BE54-9A1E7A4F7556}") = "TwentyTwoSeven.Data", "TwentyTwoSeven.Data\TwentyTwoSeven.Data.csproj", "{9A22FCA8-3422-42FE-B728-2FF70193D607}"
EndProject
Project("{9A19103F-16F7-4668-BE54-9A1E7A4F7556}") = "TwentyTwoSeven.Di", "TwentyTwoSeven.Di\TwentyTwoSeven.Di.csproj", "{D3E77F88-CD5D-4981-86FE-50C6BA127221}"
EndProject
Project("{9A19103F-16F7-4668-BE54-9A1E7A4F7556}") = "TwentyTwoSeven.Contracts", "TwentyTwoSeven.Contracts\TwentyTwoSeven.Contracts.csproj", "{5116DB32-A66E-4923-B0FC-16FDA2C55DD1}"
EndProject
Project("{9A19103F-16F7-4668-BE54-9A1E7A4F7556}") = "TwentyTwoSeven.Common", "TwentyTwoSeven.Common\TwentyTwoSeven.Common.csproj", "{649C0BAF-057F-4FA2-8897-AA4582A7E21D}"
EndProject
Project("{9A19103F-16F7-4668-BE54-9A1E7A4F7556}") = "TwentyTwoSeven.Services", "TwentyTwoSeven.Services\TwentyTwoSeven.Services.csproj", "{58933E89-EE26-471B-A09A-E0A00057FFA9}"
EndProject
Project("{9A19103F-16F7-4668-BE54-9A1E7A4F7556}") = "TwentyTwoSeven.Tests", "TwentyTwoSeven.Tests\TwentyTwoSeven.Tests.csproj", "{F91BBD1D-DCFE-4801-A67B-A8CE24A90D5E}"
EndProject
Project("{FAE04EC0-301F-11D3-BF4B-00C04F79EFBC}") = "TwentyTwoSeven.Infrastructure", "TwentyTwoSeven.Infrastructure\TwentyTwoSeven.Infrastructure.csproj", "{8AFECAD4-0D52-412D-99E1-EA6F14B4FDA4}"
EndProject
Global
	GlobalSection(SolutionConfigurationPlatforms) = preSolution
		Debug|Any CPU = Debug|Any CPU
		Release|Any CPU = Release|Any CPU
	EndGlobalSection
	GlobalSection(ProjectConfigurationPlatforms) = postSolution
		{0F21E7F1-5EEE-40DC-B3C1-314315831D57}.Debug|Any CPU.ActiveCfg = Debug|Any CPU
		{0F21E7F1-5EEE-40DC-B3C1-314315831D57}.Debug|Any CPU.Build.0 = Debug|Any CPU
		{0F21E7F1-5EEE-40DC-B3C1-314315831D57}.Release|Any CPU.ActiveCfg = Release|Any CPU
		{0F21E7F1-5EEE-40DC-B3C1-314315831D57}.Release|Any CPU.Build.0 = Release|Any CPU
		{9A22FCA8-3422-42FE-B728-2FF70193D607}.Debug|Any CPU.ActiveCfg = Debug|Any CPU
		{9A22FCA8-3422-42FE-B728-2FF70193D607}.Debug|Any CPU.Build.0 = Debug|Any CPU
		{9A22FCA8-3422-42FE-B728-2FF70193D607}.Release|Any CPU.ActiveCfg = Release|Any CPU
		{9A22FCA8-3422-42FE-B728-2FF70193D607}.Release|Any CPU.Build.0 = Release|Any CPU
		{D3E77F88-CD5D-4981-86FE-50C6BA127221}.Debug|Any CPU.ActiveCfg = Debug|Any CPU
		{D3E77F88-CD5D-4981-86FE-50C6BA127221}.Debug|Any CPU.Build.0 = Debug|Any CPU
		{D3E77F88-CD5D-4981-86FE-50C6BA127221}.Release|Any CPU.ActiveCfg = Release|Any CPU
		{D3E77F88-CD5D-4981-86FE-50C6BA127221}.Release|Any CPU.Build.0 = Release|Any CPU
		{5116DB32-A66E-4923-B0FC-16FDA2C55DD1}.Debug|Any CPU.ActiveCfg = Debug|Any CPU
		{5116DB32-A66E-4923-B0FC-16FDA2C55DD1}.Debug|Any CPU.Build.0 = Debug|Any CPU
		{5116DB32-A66E-4923-B0FC-16FDA2C55DD1}.Release|Any CPU.ActiveCfg = Release|Any CPU
		{5116DB32-A66E-4923-B0FC-16FDA2C55DD1}.Release|Any CPU.Build.0 = Release|Any CPU
		{649C0BAF-057F-4FA2-8897-AA4582A7E21D}.Debug|Any CPU.ActiveCfg = Debug|Any CPU
		{649C0BAF-057F-4FA2-8897-AA4582A7E21D}.Debug|Any CPU.Build.0 = Debug|Any CPU
		{649C0BAF-057F-4FA2-8897-AA4582A7E21D}.Release|Any CPU.ActiveCfg = Release|Any CPU
		{649C0BAF-057F-4FA2-8897-AA4582A7E21D}.Release|Any CPU.Build.0 = Release|Any CPU
		{58933E89-EE26-471B-A09A-E0A00057FFA9}.Debug|Any CPU.ActiveCfg = Debug|Any CPU
		{58933E89-EE26-471B-A09A-E0A00057FFA9}.Debug|Any CPU.Build.0 = Debug|Any CPU
		{58933E89-EE26-471B-A09A-E0A00057FFA9}.Release|Any CPU.ActiveCfg = Release|Any CPU
		{58933E89-EE26-471B-A09A-E0A00057FFA9}.Release|Any CPU.Build.0 = Release|Any CPU
		{F91BBD1D-DCFE-4801-A67B-A8CE24A90D5E}.Debug|Any CPU.ActiveCfg = Debug|Any CPU
		{F91BBD1D-DCFE-4801-A67B-A8CE24A90D5E}.Debug|Any CPU.Build.0 = Debug|Any CPU
		{F91BBD1D-DCFE-4801-A67B-A8CE24A90D5E}.Release|Any CPU.ActiveCfg = Release|Any CPU
		{F91BBD1D-DCFE-4801-A67B-A8CE24A90D5E}.Release|Any CPU.Build.0 = Release|Any CPU
		{8AFECAD4-0D52-412D-99E1-EA6F14B4FDA4}.Debug|Any CPU.ActiveCfg = Debug|Any CPU
		{8AFECAD4-0D52-412D-99E1-EA6F14B4FDA4}.Debug|Any CPU.Build.0 = Debug|Any CPU
		{8AFECAD4-0D52-412D-99E1-EA6F14B4FDA4}.Release|Any CPU.ActiveCfg = Release|Any CPU
		{8AFECAD4-0D52-412D-99E1-EA6F14B4FDA4}.Release|Any CPU.Build.0 = Release|Any CPU
	EndGlobalSection
	GlobalSection(SolutionProperties) = preSolution
		HideSolutionNode = FALSE
	EndGlobalSection
	GlobalSection(ExtensibilityGlobals) = postSolution
		SolutionGuid = {5941C14B-3800-4D0F-B766-C19A40F0731F}
	EndGlobalSection
EndGlobal
